
Microsoft Visual Studio Solution File, Format Version 12.00
Project("{FAE04EC0-301F-11D3-BF4B-00C04F79EFBC}") = "BlazorECommerce.Server", "BlazorECommerce\Server\BlazorECommerce.Server.csproj", "{CDBD98F9-1A4C-4623-BB73-6F9C6F6FC65C}"
EndProject
Project("{FAE04EC0-301F-11D3-BF4B-00C04F79EFBC}") = "BlazorECommerce.Client", "BlazorECommerce\Client\BlazorECommerce.Client.csproj", "{3163275E-E029-4554-8925-F756B9581117}"
EndProject
Project("{FAE04EC0-301F-11D3-BF4B-00C04F79EFBC}") = "BlazorECommerce.Shared", "BlazorECommerce\Shared\BlazorECommerce.Shared.csproj", "{C1AC8DAB-9A0A-4287-8A7C-E07125C9DB6A}"
EndProject
Global
	GlobalSection(SolutionConfigurationPlatforms) = preSolution
		Debug|Any CPU = Debug|Any CPU
		Release|Any CPU = Release|Any CPU
	EndGlobalSection
	GlobalSection(ProjectConfigurationPlatforms) = postSolution
		{CDBD98F9-1A4C-4623-BB73-6F9C6F6FC65C}.Debug|Any CPU.ActiveCfg = Debug|Any CPU
		{CDBD98F9-1A4C-4623-BB73-6F9C6F6FC65C}.Debug|Any CPU.Build.0 = Debug|Any CPU
		{CDBD98F9-1A4C-4623-BB73-6F9C6F6FC65C}.Release|Any CPU.ActiveCfg = Release|Any CPU
		{CDBD98F9-1A4C-4623-BB73-6F9C6F6FC65C}.Release|Any CPU.Build.0 = Release|Any CPU
		{3163275E-E029-4554-8925-F756B9581117}.Debug|Any CPU.ActiveCfg = Debug|Any CPU
		{3163275E-E029-4554-8925-F756B9581117}.Debug|Any CPU.Build.0 = Debug|Any CPU
		{3163275E-E029-4554-8925-F756B9581117}.Release|Any CPU.ActiveCfg = Release|Any CPU
		{3163275E-E029-4554-8925-F756B9581117}.Release|Any CPU.Build.0 = Release|Any CPU
		{C1AC8DAB-9A0A-4287-8A7C-E07125C9DB6A}.Debug|Any CPU.ActiveCfg = Debug|Any CPU
		{C1AC8DAB-9A0A-4287-8A7C-E07125C9DB6A}.Debug|Any CPU.Build.0 = Debug|Any CPU
		{C1AC8DAB-9A0A-4287-8A7C-E07125C9DB6A}.Release|Any CPU.ActiveCfg = Release|Any CPU
		{C1AC8DAB-9A0A-4287-8A7C-E07125C9DB6A}.Release|Any CPU.Build.0 = Release|Any CPU
	EndGlobalSection
EndGlobal
